
Microsoft Visual Studio Solution File, Format Version 12.00
# Visual Studio Version 17
VisualStudioVersion = 17.1.31903.286
MinimumVisualStudioVersion = 10.0.40219.1
Project("{9A19103F-16F7-4668-BE54-9A1E7A4F7556}") = "MyWebAPI", "MyWebAPI\MyWebAPI.csproj", "{63238787-005F-45CC-A9EE-A84609696FDD}"
EndProject
Project("{FAE04EC0-301F-11D3-BF4B-00C04F79EFBC}") = "Domain", "Domain\Domain.csproj", "{E4268CD4-CE46-4775-AA6E-95F6C97814FD}"
EndProject
Project("{FAE04EC0-301F-11D3-BF4B-00C04F79EFBC}") = "Repository", "Repository\Repository.csproj", "{043FBB72-322F-46C2-A7F9-FE86968DFC5A}"
EndProject
Project("{FAE04EC0-301F-11D3-BF4B-00C04F79EFBC}") = "Service", "Service\Service.csproj", "{18BDE3D6-B33E-42B0-BDDD-5448C38A71A5}"
EndProject
Global
	GlobalSection(SolutionConfigurationPlatforms) = preSolution
		Debug|Any CPU = Debug|Any CPU
		Release|Any CPU = Release|Any CPU
	EndGlobalSection
	GlobalSection(ProjectConfigurationPlatforms) = postSolution
		{63238787-005F-45CC-A9EE-A84609696FDD}.Debug|Any CPU.ActiveCfg = Debug|Any CPU
		{63238787-005F-45CC-A9EE-A84609696FDD}.Debug|Any CPU.Build.0 = Debug|Any CPU
		{63238787-005F-45CC-A9EE-A84609696FDD}.Release|Any CPU.ActiveCfg = Release|Any CPU
		{63238787-005F-45CC-A9EE-A84609696FDD}.Release|Any CPU.Build.0 = Release|Any CPU
		{E4268CD4-CE46-4775-AA6E-95F6C97814FD}.Debug|Any CPU.ActiveCfg = Debug|Any CPU
		{E4268CD4-CE46-4775-AA6E-95F6C97814FD}.Debug|Any CPU.Build.0 = Debug|Any CPU
		{E4268CD4-CE46-4775-AA6E-95F6C97814FD}.Release|Any CPU.ActiveCfg = Release|Any CPU
		{E4268CD4-CE46-4775-AA6E-95F6C97814FD}.Release|Any CPU.Build.0 = Release|Any CPU
		{043FBB72-322F-46C2-A7F9-FE86968DFC5A}.Debug|Any CPU.ActiveCfg = Debug|Any CPU
		{043FBB72-322F-46C2-A7F9-FE86968DFC5A}.Debug|Any CPU.Build.0 = Debug|Any CPU
		{043FBB72-322F-46C2-A7F9-FE86968DFC5A}.Release|Any CPU.ActiveCfg = Release|Any CPU
		{043FBB72-322F-46C2-A7F9-FE86968DFC5A}.Release|Any CPU.Build.0 = Release|Any CPU
		{18BDE3D6-B33E-42B0-BDDD-5448C38A71A5}.Debug|Any CPU.ActiveCfg = Debug|Any CPU
		{18BDE3D6-B33E-42B0-BDDD-5448C38A71A5}.Debug|Any CPU.Build.0 = Debug|Any CPU
		{18BDE3D6-B33E-42B0-BDDD-5448C38A71A5}.Release|Any CPU.ActiveCfg = Release|Any CPU
		{18BDE3D6-B33E-42B0-BDDD-5448C38A71A5}.Release|Any CPU.Build.0 = Release|Any CPU
	EndGlobalSection
	GlobalSection(SolutionProperties) = preSolution
		HideSolutionNode = FALSE
	EndGlobalSection
	GlobalSection(ExtensibilityGlobals) = postSolution
		SolutionGuid = {DB57AEB5-444B-48B9-8D2F-C9A08141D2F5}
	EndGlobalSection
EndGlobal
